{
  "version": 1,
  "dependencies": {
    ".NETStandard,Version=v2.1": {
      "Lib.Harmony": {
        "type": "Direct",
        "requested": "[2.4.0, )",
        "resolved": "2.4.0",
        "contentHash": "8ldIV0g1plLelrD+BPFURQ2Q9rp4FLI5BV7MRvPFn2OT56qxrXFnqMBDMYNsn1uONdEY1YLB/2XPH2/iaKQqLQ==",
        "dependencies": {
          "Lib.Harmony.Ref": "2.4.0"
        }
      },
      "Lib.Harmony.Ref": {
        "type": "Transitive",
        "resolved": "2.4.0",
        "contentHash": "MXv+8noKHdi6LoPpgFRBC2mvZXgKhNffN25tcXyDyOzvDtFx2Aizmv4Vf8p2JqkdlyEzAnlLhff7ideFXoF+nw==",
        "dependencies": {
          "System.Reflection.Emit": "4.7.0"
        }
      },
      "System.Reflection.Emit": {
        "type": "Transitive",
        "resolved": "4.7.0",
        "contentHash": "VR4kk8XLKebQ4MZuKuIni/7oh+QGFmZW3qORd1GvBq/8026OpW501SzT/oypwiQl4TvT8ErnReh/NzY9u+C6wQ=="
      }
    },
    ".NETStandard,Version=v2.1/win-x64": {}
  }
}
