{
  "version": 1,
  "dependencies": {
    ".NETStandard,Version=v2.1": {
      "Lib.Harmony": {
        "type": "Direct",
        "requested": "[2.3.6, )",
        "resolved": "2.3.6",
        "contentHash": "HqXPz33Z+R8ZDCLS5pJZthg33AMdF1bQXUbz2V7Neb9E+sMQOf4S1wquhM4pLIZFX7BZcOQubclbVreiM1+qmw==",
        "dependencies": {
          "Lib.Harmony.Ref": "2.3.6"
        }
      },
      "Lib.Harmony.Ref": {
        "type": "Transitive",
        "resolved": "2.3.6",
        "contentHash": "nSaegatzPqkZBqskQ/3i8levYaHG37fKgVDDKfhbTnTO0V9/ZIpUUs6HJ1c6jsyAFxrK3klTcsfmA95JTm0y6Q==",
        "dependencies": {
          "System.Reflection.Emit": "4.7.0"
        }
      },
      "System.Reflection.Emit": {
        "type": "Transitive",
        "resolved": "4.7.0",
        "contentHash": "VR4kk8XLKebQ4MZuKuIni/7oh+QGFmZW3qORd1GvBq/8026OpW501SzT/oypwiQl4TvT8ErnReh/NzY9u+C6wQ=="
      }
    },
    ".NETStandard,Version=v2.1/win-x64": {}
  }
}
